
Microsoft Visual Studio Solution File, Format Version 12.00
# Visual Studio Version 16
VisualStudioVersion = 16.0.31005.135
MinimumVisualStudioVersion = 10.0.40219.1
Project("{FAE04EC0-301F-11D3-BF4B-00C04F79EFBC}") = "GrassPls", "GrassPls.csproj", "{542DBA18-73A8-4824-8BB3-00B43529701F}"
EndProject
Global
	GlobalSection(SolutionConfigurationPlatforms) = preSolution
		Debug|Any CPU = Debug|Any CPU
		Release|Any CPU = Release|Any CPU
	EndGlobalSection
	GlobalSection(ProjectConfigurationPlatforms) = postSolution
		{542DBA18-73A8-4824-8BB3-00B43529701F}.Debug|Any CPU.ActiveCfg = Debug|Any CPU
		{542DBA18-73A8-4824-8BB3-00B43529701F}.Debug|Any CPU.Build.0 = Debug|Any CPU
		{542DBA18-73A8-4824-8BB3-00B43529701F}.Release|Any CPU.ActiveCfg = Release|Any CPU
		{542DBA18-73A8-4824-8BB3-00B43529701F}.Release|Any CPU.Build.0 = Release|Any CPU
	EndGlobalSection
	GlobalSection(SolutionProperties) = preSolution
		HideSolutionNode = FALSE
	EndGlobalSection
	GlobalSection(ExtensibilityGlobals) = postSolution
		SolutionGuid = {62BF1FF9-FEB0-4DF1-B550-AF5063797865}
	EndGlobalSection
EndGlobal
